
Microsoft Visual Studio Solution File, Format Version 12.00
# Visual Studio 15
VisualStudioVersion = 15.0.28307.1500
MinimumVisualStudioVersion = 10.0.40219.1
Project("{FAE04EC0-301F-11D3-BF4B-00C04F79EFBC}") = "EmployeeAPI", "CreatingWebAPIService\EmployeeAPI.csproj", "{0939F255-3E26-48A4-B83F-B626545C845A}"
EndProject
Global
	GlobalSection(SolutionConfigurationPlatforms) = preSolution
		Debug|Any CPU = Debug|Any CPU
		Release|Any CPU = Release|Any CPU
	EndGlobalSection
	GlobalSection(ProjectConfigurationPlatforms) = postSolution
		{0939F255-3E26-48A4-B83F-B626545C845A}.Debug|Any CPU.ActiveCfg = Debug|Any CPU
		{0939F255-3E26-48A4-B83F-B626545C845A}.Debug|Any CPU.Build.0 = Debug|Any CPU
		{0939F255-3E26-48A4-B83F-B626545C845A}.Release|Any CPU.ActiveCfg = Release|Any CPU
		{0939F255-3E26-48A4-B83F-B626545C845A}.Release|Any CPU.Build.0 = Release|Any CPU
	EndGlobalSection
	GlobalSection(SolutionProperties) = preSolution
		HideSolutionNode = FALSE
	EndGlobalSection
	GlobalSection(ExtensibilityGlobals) = postSolution
		SolutionGuid = {30D72869-3D8C-4D5C-BD74-AB990CCAF7B5}
	EndGlobalSection
EndGlobal
